
Microsoft Visual Studio Solution File, Format Version 12.00
# Visual Studio Version 17
VisualStudioVersion = 17.8.34408.163
MinimumVisualStudioVersion = 10.0.40219.1
Project("{9A19103F-16F7-4668-BE54-9A1E7A4F7556}") = "USDtoEUR", "Programming Fundamentals and Unit Testing\USDtoEUR.csproj", "{34823259-DEBC-4CAF-9BEE-F57F7BF5645E}"
EndProject
Project("{9A19103F-16F7-4668-BE54-9A1E7A4F7556}") = "FourOperations", "FourOperations\FourOperations.csproj", "{8E12BD6C-AF6E-474F-AA1F-CB7CA2EFA13C}"
EndProject
Project("{9A19103F-16F7-4668-BE54-9A1E7A4F7556}") = "Market", "Market\Market.csproj", "{0026EC83-7678-4183-8E1C-6AB1A5D30608}"
EndProject
Project("{2150E333-8FDC-42A3-9474-1A3956D46DE8}") = "Key Concepts - Lab", "Key Concepts - Lab", "{0A422111-69AC-4206-82A8-7D11A35377EA}"
EndProject
Project("{2150E333-8FDC-42A3-9474-1A3956D46DE8}") = "Simple Conditional Statements", "Simple Conditional Statements", "{9D6BF4C7-35B0-4642-975B-F3801FA8E347}"
EndProject
Project("{9A19103F-16F7-4668-BE54-9A1E7A4F7556}") = "4. Tiles", "4. Tiles\4. Tiles.csproj", "{8A31EB8C-3BA2-4A4D-82F7-5B7B6DC7667C}"
EndProject
Project("{9A19103F-16F7-4668-BE54-9A1E7A4F7556}") = "5. Deposit Calculator", "5. Deposit Calculator\5. Deposit Calculator.csproj", "{088F3839-6A01-4BCD-A8C8-B571FE7BD77C}"
EndProject
Project("{9A19103F-16F7-4668-BE54-9A1E7A4F7556}") = "6. Mandatory Literature", "6. Mandatory Literature\6. Mandatory Literature.csproj", "{22D093AC-FEBB-4CF0-B6A6-94E20FAA5F40}"
EndProject
Project("{9A19103F-16F7-4668-BE54-9A1E7A4F7556}") = "7. Supplies for School", "7. Supplies for School\7. Supplies for School.csproj", "{32EC2062-46F4-4866-AC26-7645B4B6511A}"
EndProject
Project("{2150E333-8FDC-42A3-9474-1A3956D46DE8}") = "Data Types, Variables and Key Concepts - Exercise", "Data Types, Variables and Key Concepts - Exercise", "{F512F7BE-400B-4642-B4DC-3E67FF1960D9}"
EndProject
Project("{9A19103F-16F7-4668-BE54-9A1E7A4F7556}") = "1. Reversed Numbers", "1. Reversed Numbers\1. Reversed Numbers.csproj", "{5860AD42-DA69-42CC-8E41-BE4B740C81DC}"
EndProject
Project("{9A19103F-16F7-4668-BE54-9A1E7A4F7556}") = "2. Centuries to Minutes", "2. Centuries to Minutes\2. Centuries to Minutes.csproj", "{2EA19C4E-7FF1-463C-9C54-1FBEEC699662}"
EndProject
Project("{9A19103F-16F7-4668-BE54-9A1E7A4F7556}") = "3. Redecorating", "3. Redecorating\3. Redecorating.csproj", "{B421AF60-1951-41C1-8552-5878D87718D3}"
EndProject
Project("{9A19103F-16F7-4668-BE54-9A1E7A4F7556}") = "4. Food Delivery", "4. Food Delivery\4. Food Delivery.csproj", "{9ACD938E-715D-4656-A627-DCBE96A88880}"
EndProject
Project("{9A19103F-16F7-4668-BE54-9A1E7A4F7556}") = "5. Basketball Equipment", "5. Basketball Equipment\5. Basketball Equipment.csproj", "{2AC46349-72F7-4ECB-B54D-8DEAEAF601D9}"
EndProject
Project("{9A19103F-16F7-4668-BE54-9A1E7A4F7556}") = "6. Aquarium", "6. Aquarium\6. Aquarium.csproj", "{81FB03C9-74B2-40B8-A323-82115F7F954B}"
EndProject
Project("{2150E333-8FDC-42A3-9474-1A3956D46DE8}") = "Data Types and Variables - Lab", "Data Types and Variables - Lab", "{439EC749-783C-4A58-8751-9D95A61046F4}"
EndProject
Project("{9A19103F-16F7-4668-BE54-9A1E7A4F7556}") = "Hello C#", "Hello C#\Hello C#.csproj", "{790F4880-1D88-4E82-8143-44670533C499}"
EndProject
Project("{9A19103F-16F7-4668-BE54-9A1E7A4F7556}") = "10. Calculate Speed", "10. Calculate Speed\10. Calculate Speed.csproj", "{D3A07B14-677C-4AF0-A105-7AC2F084F8C0}"
EndProject
Project("{9A19103F-16F7-4668-BE54-9A1E7A4F7556}") = "2.2. Print 5 multiplied 5", "2.2. Print 5 multiplied 5\2.2. Print 5 multiplied 5.csproj", "{80E5BB8B-5369-46BB-8B9F-E136F066E637}"
EndProject
Project("{9A19103F-16F7-4668-BE54-9A1E7A4F7556}") = "3. Name and Expression", "3. Name and Expression\3. Name and Expression.csproj", "{504B937B-22DF-4D0B-B8F3-F46C70F1131E}"
EndProject
Project("{9A19103F-16F7-4668-BE54-9A1E7A4F7556}") = "4. Calculations", "4. Calculations\4. Calculations.csproj", "{F89306AC-4F86-423C-AA11-97A882AA8DC4}"
EndProject
Project("{9A19103F-16F7-4668-BE54-9A1E7A4F7556}") = "5. Greeting", "5. Greeting\5. Greeting.csproj", "{04A67653-3717-42E8-A938-223928578982}"
EndProject
Project("{9A19103F-16F7-4668-BE54-9A1E7A4F7556}") = "6. Customer Info", "6. Customer Info\6. Customer Info.csproj", "{AAD06CC0-363E-477C-9B4E-DC3EDD213806}"
EndProject
Project("{9A19103F-16F7-4668-BE54-9A1E7A4F7556}") = "7. Person Info", "7. Person Info\7. Person Info.csproj", "{D7190AAF-D418-4BFC-90A0-4BE6CC7C6940}"
EndProject
Project("{9A19103F-16F7-4668-BE54-9A1E7A4F7556}") = "8. Town Info", "8. Town Info\8. Town Info.csproj", "{7718AA0D-E4CA-44F7-8D62-DBF0A76C3950}"
EndProject
Project("{9A19103F-16F7-4668-BE54-9A1E7A4F7556}") = "9. Days in Minutes", "9. Days in Minutes\9. Days in Minutes.csproj", "{BDEC1834-BA4B-4154-8455-4C116EAD4CEF}"
EndProject
Project("{9A19103F-16F7-4668-BE54-9A1E7A4F7556}") = "1. Freezing Weather", "1. Freezing Weather\1. Freezing Weather.csproj", "{1F20B1E2-8A18-4613-BD48-11A2F5E80840}"
EndProject
Project("{9A19103F-16F7-4668-BE54-9A1E7A4F7556}") = "2. Even or Odd", "2. Even or Odd\2. Even or Odd.csproj", "{F4293605-0BD5-457D-87BE-E0810EE4E1D6}"
EndProject
Project("{9A19103F-16F7-4668-BE54-9A1E7A4F7556}") = "3. Number 1…9 as Words", "3. Number 1…9 as Words\3. Number 1…9 as Words.csproj", "{5EEC9BFF-A711-41F9-83BB-22B95C9A9013}"
EndProject
Project("{9A19103F-16F7-4668-BE54-9A1E7A4F7556}") = "4. Greater Number", "4. Greater Number\4. Greater Number.csproj", "{FFD07AAC-5B81-4993-A98A-09BDFEDCEF9A}"
EndProject
Project("{9A19103F-16F7-4668-BE54-9A1E7A4F7556}") = "5. Guess the Password", "5. Guess the Password\5. Guess the Password.csproj", "{2C6406A4-5327-4D0E-B27E-B563A5949130}"
EndProject
Project("{9A19103F-16F7-4668-BE54-9A1E7A4F7556}") = "6. Boiling Water", "6. Boiling Water\6. Boiling Water.csproj", "{7FBE6827-B6AF-4119-A6CA-76E9539CF4E2}"
EndProject
Project("{9A19103F-16F7-4668-BE54-9A1E7A4F7556}") = "7. Speed Info", "7. Speed Info\7. Speed Info.csproj", "{462D1B49-80C1-43BA-9FD2-99C1BB3FA0DE}"
EndProject
Project("{9A19103F-16F7-4668-BE54-9A1E7A4F7556}") = "8. Ticket Price", "8. Ticket Price\8. Ticket Price.csproj", "{646BB4A1-86D4-43A2-8164-3DD3F7E2FDED}"
EndProject
Project("{9A19103F-16F7-4668-BE54-9A1E7A4F7556}") = "9. Valid Triangle", "9. Valid Triangle\9. Valid Triangle.csproj", "{3A51060E-25F8-4A26-BD1A-4A4B52CB5DA2}"
EndProject
Project("{2150E333-8FDC-42A3-9474-1A3956D46DE8}") = "Complex Conditional Statements", "Complex Conditional Statements", "{C287D6A8-11C1-4A79-8C35-DCE26522D8AB}"
EndProject
Project("{FAE04EC0-301F-11D3-BF4B-00C04F79EFBC}") = "1. Market Place", "1. Market Place\1. Market Place.csproj", "{7A24B26F-B35E-4BE1-AAB2-64378481CB1C}"
EndProject
Global
	GlobalSection(SolutionConfigurationPlatforms) = preSolution
		Debug|Any CPU = Debug|Any CPU
		Release|Any CPU = Release|Any CPU
	EndGlobalSection
	GlobalSection(ProjectConfigurationPlatforms) = postSolution
		{34823259-DEBC-4CAF-9BEE-F57F7BF5645E}.Debug|Any CPU.ActiveCfg = Debug|Any CPU
		{34823259-DEBC-4CAF-9BEE-F57F7BF5645E}.Debug|Any CPU.Build.0 = Debug|Any CPU
		{34823259-DEBC-4CAF-9BEE-F57F7BF5645E}.Release|Any CPU.ActiveCfg = Release|Any CPU
		{34823259-DEBC-4CAF-9BEE-F57F7BF5645E}.Release|Any CPU.Build.0 = Release|Any CPU
		{8E12BD6C-AF6E-474F-AA1F-CB7CA2EFA13C}.Debug|Any CPU.ActiveCfg = Debug|Any CPU
		{8E12BD6C-AF6E-474F-AA1F-CB7CA2EFA13C}.Debug|Any CPU.Build.0 = Debug|Any CPU
		{8E12BD6C-AF6E-474F-AA1F-CB7CA2EFA13C}.Release|Any CPU.ActiveCfg = Release|Any CPU
		{8E12BD6C-AF6E-474F-AA1F-CB7CA2EFA13C}.Release|Any CPU.Build.0 = Release|Any CPU
		{0026EC83-7678-4183-8E1C-6AB1A5D30608}.Debug|Any CPU.ActiveCfg = Debug|Any CPU
		{0026EC83-7678-4183-8E1C-6AB1A5D30608}.Debug|Any CPU.Build.0 = Debug|Any CPU
		{0026EC83-7678-4183-8E1C-6AB1A5D30608}.Release|Any CPU.ActiveCfg = Release|Any CPU
		{0026EC83-7678-4183-8E1C-6AB1A5D30608}.Release|Any CPU.Build.0 = Release|Any CPU
		{8A31EB8C-3BA2-4A4D-82F7-5B7B6DC7667C}.Debug|Any CPU.ActiveCfg = Debug|Any CPU
		{8A31EB8C-3BA2-4A4D-82F7-5B7B6DC7667C}.Debug|Any CPU.Build.0 = Debug|Any CPU
		{8A31EB8C-3BA2-4A4D-82F7-5B7B6DC7667C}.Release|Any CPU.ActiveCfg = Release|Any CPU
		{8A31EB8C-3BA2-4A4D-82F7-5B7B6DC7667C}.Release|Any CPU.Build.0 = Release|Any CPU
		{088F3839-6A01-4BCD-A8C8-B571FE7BD77C}.Debug|Any CPU.ActiveCfg = Debug|Any CPU
		{088F3839-6A01-4BCD-A8C8-B571FE7BD77C}.Debug|Any CPU.Build.0 = Debug|Any CPU
		{088F3839-6A01-4BCD-A8C8-B571FE7BD77C}.Release|Any CPU.ActiveCfg = Release|Any CPU
		{088F3839-6A01-4BCD-A8C8-B571FE7BD77C}.Release|Any CPU.Build.0 = Release|Any CPU
		{22D093AC-FEBB-4CF0-B6A6-94E20FAA5F40}.Debug|Any CPU.ActiveCfg = Debug|Any CPU
		{22D093AC-FEBB-4CF0-B6A6-94E20FAA5F40}.Debug|Any CPU.Build.0 = Debug|Any CPU
		{22D093AC-FEBB-4CF0-B6A6-94E20FAA5F40}.Release|Any CPU.ActiveCfg = Release|Any CPU
		{22D093AC-FEBB-4CF0-B6A6-94E20FAA5F40}.Release|Any CPU.Build.0 = Release|Any CPU
		{32EC2062-46F4-4866-AC26-7645B4B6511A}.Debug|Any CPU.ActiveCfg = Debug|Any CPU
		{32EC2062-46F4-4866-AC26-7645B4B6511A}.Debug|Any CPU.Build.0 = Debug|Any CPU
		{32EC2062-46F4-4866-AC26-7645B4B6511A}.Release|Any CPU.ActiveCfg = Release|Any CPU
		{32EC2062-46F4-4866-AC26-7645B4B6511A}.Release|Any CPU.Build.0 = Release|Any CPU
		{5860AD42-DA69-42CC-8E41-BE4B740C81DC}.Debug|Any CPU.ActiveCfg = Debug|Any CPU
		{5860AD42-DA69-42CC-8E41-BE4B740C81DC}.Debug|Any CPU.Build.0 = Debug|Any CPU
		{5860AD42-DA69-42CC-8E41-BE4B740C81DC}.Release|Any CPU.ActiveCfg = Release|Any CPU
		{5860AD42-DA69-42CC-8E41-BE4B740C81DC}.Release|Any CPU.Build.0 = Release|Any CPU
		{2EA19C4E-7FF1-463C-9C54-1FBEEC699662}.Debug|Any CPU.ActiveCfg = Debug|Any CPU
		{2EA19C4E-7FF1-463C-9C54-1FBEEC699662}.Debug|Any CPU.Build.0 = Debug|Any CPU
		{2EA19C4E-7FF1-463C-9C54-1FBEEC699662}.Release|Any CPU.ActiveCfg = Release|Any CPU
		{2EA19C4E-7FF1-463C-9C54-1FBEEC699662}.Release|Any CPU.Build.0 = Release|Any CPU
		{B421AF60-1951-41C1-8552-5878D87718D3}.Debug|Any CPU.ActiveCfg = Debug|Any CPU
		{B421AF60-1951-41C1-8552-5878D87718D3}.Debug|Any CPU.Build.0 = Debug|Any CPU
		{B421AF60-1951-41C1-8552-5878D87718D3}.Release|Any CPU.ActiveCfg = Release|Any CPU
		{B421AF60-1951-41C1-8552-5878D87718D3}.Release|Any CPU.Build.0 = Release|Any CPU
		{9ACD938E-715D-4656-A627-DCBE96A88880}.Debug|Any CPU.ActiveCfg = Debug|Any CPU
		{9ACD938E-715D-4656-A627-DCBE96A88880}.Debug|Any CPU.Build.0 = Debug|Any CPU
		{9ACD938E-715D-4656-A627-DCBE96A88880}.Release|Any CPU.ActiveCfg = Release|Any CPU
		{9ACD938E-715D-4656-A627-DCBE96A88880}.Release|Any CPU.Build.0 = Release|Any CPU
		{2AC46349-72F7-4ECB-B54D-8DEAEAF601D9}.Debug|Any CPU.ActiveCfg = Debug|Any CPU
		{2AC46349-72F7-4ECB-B54D-8DEAEAF601D9}.Debug|Any CPU.Build.0 = Debug|Any CPU
		{2AC46349-72F7-4ECB-B54D-8DEAEAF601D9}.Release|Any CPU.ActiveCfg = Release|Any CPU
		{2AC46349-72F7-4ECB-B54D-8DEAEAF601D9}.Release|Any CPU.Build.0 = Release|Any CPU
		{81FB03C9-74B2-40B8-A323-82115F7F954B}.Debug|Any CPU.ActiveCfg = Debug|Any CPU
		{81FB03C9-74B2-40B8-A323-82115F7F954B}.Debug|Any CPU.Build.0 = Debug|Any CPU
		{81FB03C9-74B2-40B8-A323-82115F7F954B}.Release|Any CPU.ActiveCfg = Release|Any CPU
		{81FB03C9-74B2-40B8-A323-82115F7F954B}.Release|Any CPU.Build.0 = Release|Any CPU
		{790F4880-1D88-4E82-8143-44670533C499}.Debug|Any CPU.ActiveCfg = Debug|Any CPU
		{790F4880-1D88-4E82-8143-44670533C499}.Debug|Any CPU.Build.0 = Debug|Any CPU
		{790F4880-1D88-4E82-8143-44670533C499}.Release|Any CPU.ActiveCfg = Release|Any CPU
		{790F4880-1D88-4E82-8143-44670533C499}.Release|Any CPU.Build.0 = Release|Any CPU
		{D3A07B14-677C-4AF0-A105-7AC2F084F8C0}.Debug|Any CPU.ActiveCfg = Debug|Any CPU
		{D3A07B14-677C-4AF0-A105-7AC2F084F8C0}.Debug|Any CPU.Build.0 = Debug|Any CPU
		{D3A07B14-677C-4AF0-A105-7AC2F084F8C0}.Release|Any CPU.ActiveCfg = Release|Any CPU
		{D3A07B14-677C-4AF0-A105-7AC2F084F8C0}.Release|Any CPU.Build.0 = Release|Any CPU
		{80E5BB8B-5369-46BB-8B9F-E136F066E637}.Debug|Any CPU.ActiveCfg = Debug|Any CPU
		{80E5BB8B-5369-46BB-8B9F-E136F066E637}.Debug|Any CPU.Build.0 = Debug|Any CPU
		{80E5BB8B-5369-46BB-8B9F-E136F066E637}.Release|Any CPU.ActiveCfg = Release|Any CPU
		{80E5BB8B-5369-46BB-8B9F-E136F066E637}.Release|Any CPU.Build.0 = Release|Any CPU
		{504B937B-22DF-4D0B-B8F3-F46C70F1131E}.Debug|Any CPU.ActiveCfg = Debug|Any CPU
		{504B937B-22DF-4D0B-B8F3-F46C70F1131E}.Debug|Any CPU.Build.0 = Debug|Any CPU
		{504B937B-22DF-4D0B-B8F3-F46C70F1131E}.Release|Any CPU.ActiveCfg = Release|Any CPU
		{504B937B-22DF-4D0B-B8F3-F46C70F1131E}.Release|Any CPU.Build.0 = Release|Any CPU
		{F89306AC-4F86-423C-AA11-97A882AA8DC4}.Debug|Any CPU.ActiveCfg = Debug|Any CPU
		{F89306AC-4F86-423C-AA11-97A882AA8DC4}.Debug|Any CPU.Build.0 = Debug|Any CPU
		{F89306AC-4F86-423C-AA11-97A882AA8DC4}.Release|Any CPU.ActiveCfg = Release|Any CPU
		{F89306AC-4F86-423C-AA11-97A882AA8DC4}.Release|Any CPU.Build.0 = Release|Any CPU
		{04A67653-3717-42E8-A938-223928578982}.Debug|Any CPU.ActiveCfg = Debug|Any CPU
		{04A67653-3717-42E8-A938-223928578982}.Debug|Any CPU.Build.0 = Debug|Any CPU
		{04A67653-3717-42E8-A938-223928578982}.Release|Any CPU.ActiveCfg = Release|Any CPU
		{04A67653-3717-42E8-A938-223928578982}.Release|Any CPU.Build.0 = Release|Any CPU
		{AAD06CC0-363E-477C-9B4E-DC3EDD213806}.Debug|Any CPU.ActiveCfg = Debug|Any CPU
		{AAD06CC0-363E-477C-9B4E-DC3EDD213806}.Debug|Any CPU.Build.0 = Debug|Any CPU
		{AAD06CC0-363E-477C-9B4E-DC3EDD213806}.Release|Any CPU.ActiveCfg = Release|Any CPU
		{AAD06CC0-363E-477C-9B4E-DC3EDD213806}.Release|Any CPU.Build.0 = Release|Any CPU
		{D7190AAF-D418-4BFC-90A0-4BE6CC7C6940}.Debug|Any CPU.ActiveCfg = Debug|Any CPU
		{D7190AAF-D418-4BFC-90A0-4BE6CC7C6940}.Debug|Any CPU.Build.0 = Debug|Any CPU
		{D7190AAF-D418-4BFC-90A0-4BE6CC7C6940}.Release|Any CPU.ActiveCfg = Release|Any CPU
		{D7190AAF-D418-4BFC-90A0-4BE6CC7C6940}.Release|Any CPU.Build.0 = Release|Any CPU
		{7718AA0D-E4CA-44F7-8D62-DBF0A76C3950}.Debug|Any CPU.ActiveCfg = Debug|Any CPU
		{7718AA0D-E4CA-44F7-8D62-DBF0A76C3950}.Debug|Any CPU.Build.0 = Debug|Any CPU
		{7718AA0D-E4CA-44F7-8D62-DBF0A76C3950}.Release|Any CPU.ActiveCfg = Release|Any CPU
		{7718AA0D-E4CA-44F7-8D62-DBF0A76C3950}.Release|Any CPU.Build.0 = Release|Any CPU
		{BDEC1834-BA4B-4154-8455-4C116EAD4CEF}.Debug|Any CPU.ActiveCfg = Debug|Any CPU
		{BDEC1834-BA4B-4154-8455-4C116EAD4CEF}.Debug|Any CPU.Build.0 = Debug|Any CPU
		{BDEC1834-BA4B-4154-8455-4C116EAD4CEF}.Release|Any CPU.ActiveCfg = Release|Any CPU
		{BDEC1834-BA4B-4154-8455-4C116EAD4CEF}.Release|Any CPU.Build.0 = Release|Any CPU
		{1F20B1E2-8A18-4613-BD48-11A2F5E80840}.Debug|Any CPU.ActiveCfg = Debug|Any CPU
		{1F20B1E2-8A18-4613-BD48-11A2F5E80840}.Debug|Any CPU.Build.0 = Debug|Any CPU
		{1F20B1E2-8A18-4613-BD48-11A2F5E80840}.Release|Any CPU.ActiveCfg = Release|Any CPU
		{1F20B1E2-8A18-4613-BD48-11A2F5E80840}.Release|Any CPU.Build.0 = Release|Any CPU
		{F4293605-0BD5-457D-87BE-E0810EE4E1D6}.Debug|Any CPU.ActiveCfg = Debug|Any CPU
		{F4293605-0BD5-457D-87BE-E0810EE4E1D6}.Debug|Any CPU.Build.0 = Debug|Any CPU
		{F4293605-0BD5-457D-87BE-E0810EE4E1D6}.Release|Any CPU.ActiveCfg = Release|Any CPU
		{F4293605-0BD5-457D-87BE-E0810EE4E1D6}.Release|Any CPU.Build.0 = Release|Any CPU
		{5EEC9BFF-A711-41F9-83BB-22B95C9A9013}.Debug|Any CPU.ActiveCfg = Debug|Any CPU
		{5EEC9BFF-A711-41F9-83BB-22B95C9A9013}.Debug|Any CPU.Build.0 = Debug|Any CPU
		{5EEC9BFF-A711-41F9-83BB-22B95C9A9013}.Release|Any CPU.ActiveCfg = Release|Any CPU
		{5EEC9BFF-A711-41F9-83BB-22B95C9A9013}.Release|Any CPU.Build.0 = Release|Any CPU
		{FFD07AAC-5B81-4993-A98A-09BDFEDCEF9A}.Debug|Any CPU.ActiveCfg = Debug|Any CPU
		{FFD07AAC-5B81-4993-A98A-09BDFEDCEF9A}.Debug|Any CPU.Build.0 = Debug|Any CPU
		{FFD07AAC-5B81-4993-A98A-09BDFEDCEF9A}.Release|Any CPU.ActiveCfg = Release|Any CPU
		{FFD07AAC-5B81-4993-A98A-09BDFEDCEF9A}.Release|Any CPU.Build.0 = Release|Any CPU
		{2C6406A4-5327-4D0E-B27E-B563A5949130}.Debug|Any CPU.ActiveCfg = Debug|Any CPU
		{2C6406A4-5327-4D0E-B27E-B563A5949130}.Debug|Any CPU.Build.0 = Debug|Any CPU
		{2C6406A4-5327-4D0E-B27E-B563A5949130}.Release|Any CPU.ActiveCfg = Release|Any CPU
		{2C6406A4-5327-4D0E-B27E-B563A5949130}.Release|Any CPU.Build.0 = Release|Any CPU
		{7FBE6827-B6AF-4119-A6CA-76E9539CF4E2}.Debug|Any CPU.ActiveCfg = Debug|Any CPU
		{7FBE6827-B6AF-4119-A6CA-76E9539CF4E2}.Debug|Any CPU.Build.0 = Debug|Any CPU
		{7FBE6827-B6AF-4119-A6CA-76E9539CF4E2}.Release|Any CPU.ActiveCfg = Release|Any CPU
		{7FBE6827-B6AF-4119-A6CA-76E9539CF4E2}.Release|Any CPU.Build.0 = Release|Any CPU
		{462D1B49-80C1-43BA-9FD2-99C1BB3FA0DE}.Debug|Any CPU.ActiveCfg = Debug|Any CPU
		{462D1B49-80C1-43BA-9FD2-99C1BB3FA0DE}.Debug|Any CPU.Build.0 = Debug|Any CPU
		{462D1B49-80C1-43BA-9FD2-99C1BB3FA0DE}.Release|Any CPU.ActiveCfg = Release|Any CPU
		{462D1B49-80C1-43BA-9FD2-99C1BB3FA0DE}.Release|Any CPU.Build.0 = Release|Any CPU
		{646BB4A1-86D4-43A2-8164-3DD3F7E2FDED}.Debug|Any CPU.ActiveCfg = Debug|Any CPU
		{646BB4A1-86D4-43A2-8164-3DD3F7E2FDED}.Debug|Any CPU.Build.0 = Debug|Any CPU
		{646BB4A1-86D4-43A2-8164-3DD3F7E2FDED}.Release|Any CPU.ActiveCfg = Release|Any CPU
		{646BB4A1-86D4-43A2-8164-3DD3F7E2FDED}.Release|Any CPU.Build.0 = Release|Any CPU
		{3A51060E-25F8-4A26-BD1A-4A4B52CB5DA2}.Debug|Any CPU.ActiveCfg = Debug|Any CPU
		{3A51060E-25F8-4A26-BD1A-4A4B52CB5DA2}.Debug|Any CPU.Build.0 = Debug|Any CPU
		{3A51060E-25F8-4A26-BD1A-4A4B52CB5DA2}.Release|Any CPU.ActiveCfg = Release|Any CPU
		{3A51060E-25F8-4A26-BD1A-4A4B52CB5DA2}.Release|Any CPU.Build.0 = Release|Any CPU
		{7A24B26F-B35E-4BE1-AAB2-64378481CB1C}.Debug|Any CPU.ActiveCfg = Debug|Any CPU
		{7A24B26F-B35E-4BE1-AAB2-64378481CB1C}.Debug|Any CPU.Build.0 = Debug|Any CPU
		{7A24B26F-B35E-4BE1-AAB2-64378481CB1C}.Release|Any CPU.ActiveCfg = Release|Any CPU
		{7A24B26F-B35E-4BE1-AAB2-64378481CB1C}.Release|Any CPU.Build.0 = Release|Any CPU
	EndGlobalSection
	GlobalSection(SolutionProperties) = preSolution
		HideSolutionNode = FALSE
	EndGlobalSection
	GlobalSection(NestedProjects) = preSolution
		{34823259-DEBC-4CAF-9BEE-F57F7BF5645E} = {0A422111-69AC-4206-82A8-7D11A35377EA}
		{8E12BD6C-AF6E-474F-AA1F-CB7CA2EFA13C} = {0A422111-69AC-4206-82A8-7D11A35377EA}
		{0026EC83-7678-4183-8E1C-6AB1A5D30608} = {0A422111-69AC-4206-82A8-7D11A35377EA}
		{8A31EB8C-3BA2-4A4D-82F7-5B7B6DC7667C} = {0A422111-69AC-4206-82A8-7D11A35377EA}
		{088F3839-6A01-4BCD-A8C8-B571FE7BD77C} = {0A422111-69AC-4206-82A8-7D11A35377EA}
		{22D093AC-FEBB-4CF0-B6A6-94E20FAA5F40} = {0A422111-69AC-4206-82A8-7D11A35377EA}
		{32EC2062-46F4-4866-AC26-7645B4B6511A} = {0A422111-69AC-4206-82A8-7D11A35377EA}
		{5860AD42-DA69-42CC-8E41-BE4B740C81DC} = {F512F7BE-400B-4642-B4DC-3E67FF1960D9}
		{2EA19C4E-7FF1-463C-9C54-1FBEEC699662} = {F512F7BE-400B-4642-B4DC-3E67FF1960D9}
		{B421AF60-1951-41C1-8552-5878D87718D3} = {F512F7BE-400B-4642-B4DC-3E67FF1960D9}
		{9ACD938E-715D-4656-A627-DCBE96A88880} = {F512F7BE-400B-4642-B4DC-3E67FF1960D9}
		{2AC46349-72F7-4ECB-B54D-8DEAEAF601D9} = {F512F7BE-400B-4642-B4DC-3E67FF1960D9}
		{81FB03C9-74B2-40B8-A323-82115F7F954B} = {F512F7BE-400B-4642-B4DC-3E67FF1960D9}
		{790F4880-1D88-4E82-8143-44670533C499} = {439EC749-783C-4A58-8751-9D95A61046F4}
		{D3A07B14-677C-4AF0-A105-7AC2F084F8C0} = {439EC749-783C-4A58-8751-9D95A61046F4}
		{80E5BB8B-5369-46BB-8B9F-E136F066E637} = {439EC749-783C-4A58-8751-9D95A61046F4}
		{504B937B-22DF-4D0B-B8F3-F46C70F1131E} = {439EC749-783C-4A58-8751-9D95A61046F4}
		{F89306AC-4F86-423C-AA11-97A882AA8DC4} = {439EC749-783C-4A58-8751-9D95A61046F4}
		{04A67653-3717-42E8-A938-223928578982} = {439EC749-783C-4A58-8751-9D95A61046F4}
		{AAD06CC0-363E-477C-9B4E-DC3EDD213806} = {439EC749-783C-4A58-8751-9D95A61046F4}
		{D7190AAF-D418-4BFC-90A0-4BE6CC7C6940} = {439EC749-783C-4A58-8751-9D95A61046F4}
		{7718AA0D-E4CA-44F7-8D62-DBF0A76C3950} = {439EC749-783C-4A58-8751-9D95A61046F4}
		{BDEC1834-BA4B-4154-8455-4C116EAD4CEF} = {439EC749-783C-4A58-8751-9D95A61046F4}
		{1F20B1E2-8A18-4613-BD48-11A2F5E80840} = {9D6BF4C7-35B0-4642-975B-F3801FA8E347}
		{F4293605-0BD5-457D-87BE-E0810EE4E1D6} = {9D6BF4C7-35B0-4642-975B-F3801FA8E347}
		{5EEC9BFF-A711-41F9-83BB-22B95C9A9013} = {9D6BF4C7-35B0-4642-975B-F3801FA8E347}
		{FFD07AAC-5B81-4993-A98A-09BDFEDCEF9A} = {9D6BF4C7-35B0-4642-975B-F3801FA8E347}
		{2C6406A4-5327-4D0E-B27E-B563A5949130} = {9D6BF4C7-35B0-4642-975B-F3801FA8E347}
		{7FBE6827-B6AF-4119-A6CA-76E9539CF4E2} = {9D6BF4C7-35B0-4642-975B-F3801FA8E347}
		{462D1B49-80C1-43BA-9FD2-99C1BB3FA0DE} = {9D6BF4C7-35B0-4642-975B-F3801FA8E347}
		{646BB4A1-86D4-43A2-8164-3DD3F7E2FDED} = {9D6BF4C7-35B0-4642-975B-F3801FA8E347}
		{3A51060E-25F8-4A26-BD1A-4A4B52CB5DA2} = {9D6BF4C7-35B0-4642-975B-F3801FA8E347}
		{7A24B26F-B35E-4BE1-AAB2-64378481CB1C} = {C287D6A8-11C1-4A79-8C35-DCE26522D8AB}
	EndGlobalSection
	GlobalSection(ExtensibilityGlobals) = postSolution
		SolutionGuid = {AFDEF046-2102-4E1C-8ED5-C778B2171D48}
	EndGlobalSection
EndGlobal
